
Microsoft Visual Studio Solution File, Format Version 12.00
# Visual Studio Version 17
VisualStudioVersion = 17.8.34322.80
MinimumVisualStudioVersion = 10.0.40219.1
Project("{8BC9CEB8-8B4A-11D0-8D11-00A0C91BC942}") = "standard_header", "submodules\standard_header\standard_header.vcxproj", "{183574DC-81B0-4FB9-A6C0-E7468FBF6BF2}"
EndProject
Project("{8BC9CEB8-8B4A-11D0-8D11-00A0C91BC942}") = "version", "submodules\version\version.vcxproj", "{384E7816-CFC4-4CE0-B070-51D060F6923C}"
EndProject
Project("{8BC9CEB8-8B4A-11D0-8D11-00A0C91BC942}") = "lib", "submodules\lib\lib.vcxproj", "{F51388F3-A0FE-4101-AFDE-DD840C8FCE33}"
EndProject
Global
	GlobalSection(SolutionConfigurationPlatforms) = preSolution
		Debug|x64 = Debug|x64
		Debug|x86 = Debug|x86
		Release|x64 = Release|x64
		Release|x86 = Release|x86
	EndGlobalSection
	GlobalSection(ProjectConfigurationPlatforms) = postSolution
		{183574DC-81B0-4FB9-A6C0-E7468FBF6BF2}.Debug|x64.ActiveCfg = Debug|x64
		{183574DC-81B0-4FB9-A6C0-E7468FBF6BF2}.Debug|x64.Build.0 = Debug|x64
		{183574DC-81B0-4FB9-A6C0-E7468FBF6BF2}.Debug|x86.ActiveCfg = Debug|Win32
		{183574DC-81B0-4FB9-A6C0-E7468FBF6BF2}.Debug|x86.Build.0 = Debug|Win32
		{183574DC-81B0-4FB9-A6C0-E7468FBF6BF2}.Release|x64.ActiveCfg = Release|x64
		{183574DC-81B0-4FB9-A6C0-E7468FBF6BF2}.Release|x64.Build.0 = Release|x64
		{183574DC-81B0-4FB9-A6C0-E7468FBF6BF2}.Release|x86.ActiveCfg = Release|Win32
		{183574DC-81B0-4FB9-A6C0-E7468FBF6BF2}.Release|x86.Build.0 = Release|Win32
		{384E7816-CFC4-4CE0-B070-51D060F6923C}.Debug|x64.ActiveCfg = Debug|x64
		{384E7816-CFC4-4CE0-B070-51D060F6923C}.Debug|x64.Build.0 = Debug|x64
		{384E7816-CFC4-4CE0-B070-51D060F6923C}.Debug|x86.ActiveCfg = Debug|Win32
		{384E7816-CFC4-4CE0-B070-51D060F6923C}.Debug|x86.Build.0 = Debug|Win32
		{384E7816-CFC4-4CE0-B070-51D060F6923C}.Release|x64.ActiveCfg = Release|x64
		{384E7816-CFC4-4CE0-B070-51D060F6923C}.Release|x64.Build.0 = Release|x64
		{384E7816-CFC4-4CE0-B070-51D060F6923C}.Release|x86.ActiveCfg = Release|Win32
		{384E7816-CFC4-4CE0-B070-51D060F6923C}.Release|x86.Build.0 = Release|Win32
		{F51388F3-A0FE-4101-AFDE-DD840C8FCE33}.Debug|x64.ActiveCfg = Debug|x64
		{F51388F3-A0FE-4101-AFDE-DD840C8FCE33}.Debug|x64.Build.0 = Debug|x64
		{F51388F3-A0FE-4101-AFDE-DD840C8FCE33}.Debug|x86.ActiveCfg = Debug|Win32
		{F51388F3-A0FE-4101-AFDE-DD840C8FCE33}.Debug|x86.Build.0 = Debug|Win32
		{F51388F3-A0FE-4101-AFDE-DD840C8FCE33}.Release|x64.ActiveCfg = Release|x64
		{F51388F3-A0FE-4101-AFDE-DD840C8FCE33}.Release|x64.Build.0 = Release|x64
		{F51388F3-A0FE-4101-AFDE-DD840C8FCE33}.Release|x86.ActiveCfg = Release|Win32
		{F51388F3-A0FE-4101-AFDE-DD840C8FCE33}.Release|x86.Build.0 = Release|Win32
	EndGlobalSection
	GlobalSection(SolutionProperties) = preSolution
		HideSolutionNode = FALSE
	EndGlobalSection
	GlobalSection(ExtensibilityGlobals) = postSolution
		SolutionGuid = {4036778B-6456-4F5B-A2DA-0FC57D7A92F1}
	EndGlobalSection
EndGlobal
